// !$*UTF8*$!
{
	archiveVersion = 1;
	classes = {
	};
	objectVersion = 50;
	objects = {

/* Begin PBXBuildFile section */
		171EFEB925203820003A2C00 /* AppDelegate.swift in Sources */ = {isa = PBXBuildFile; fileRef = 171EFEB825203820003A2C00 /* AppDelegate.swift */; };
		171EFEBB25203820003A2C00 /* SceneDelegate.swift in Sources */ = {isa = PBXBuildFile; fileRef = 171EFEBA25203820003A2C00 /* SceneDelegate.swift */; };
		171EFEBD25203820003A2C00 /* ViewController.swift in Sources */ = {isa = PBXBuildFile; fileRef = 171EFEBC25203820003A2C00 /* ViewController.swift */; };
		171EFEC025203820003A2C00 /* Main.storyboard in Resources */ = {isa = PBXBuildFile; fileRef = 171EFEBE25203820003A2C00 /* Main.storyboard */; };
		171EFEC225203820003A2C00 /* Assets.xcassets in Resources */ = {isa = PBXBuildFile; fileRef = 171EFEC125203820003A2C00 /* Assets.xcassets */; };
		171EFEC525203820003A2C00 /* LaunchScreen.storyboard in Resources */ = {isa = PBXBuildFile; fileRef = 171EFEC325203820003A2C00 /* LaunchScreen.storyboard */; };
		171EFED025203821003A2C00 /* drinkAppTests.swift in Sources */ = {isa = PBXBuildFile; fileRef = 171EFECF25203821003A2C00 /* drinkAppTests.swift */; };
		171EFEDB25203821003A2C00 /* drinkAppUITests.swift in Sources */ = {isa = PBXBuildFile; fileRef = 171EFEDA25203821003A2C00 /* drinkAppUITests.swift */; };
/* End PBXBuildFile section */

/* Begin PBXContainerItemProxy section */
		171EFECC25203821003A2C00 /* PBXContainerItemProxy */ = {
			isa = PBXContainerItemProxy;
			containerPortal = 171EFEAD25203820003A2C00 /* Project object */;
			proxyType = 1;
			remoteGlobalIDString = 171EFEB425203820003A2C00;
			remoteInfo = drinkApp;
		};
		171EFED725203821003A2C00 /* PBXContainerItemProxy */ = {
			isa = PBXContainerItemProxy;
			containerPortal = 171EFEAD25203820003A2C00 /* Project object */;
			proxyType = 1;
			remoteGlobalIDString = 171EFEB425203820003A2C00;
			remoteInfo = drinkApp;
		};
/* End PBXContainerItemProxy section */

/* Begin PBXFileReference section */
		171EFEB525203820003A2C00 /* drinkApp.app */ = {isa = PBXFileReference; explicitFileType = wrapper.application; includeInIndex = 0; path = drinkApp.app; sourceTree = BUILT_PRODUCTS_DIR; };
		171EFEB825203820003A2C00 /* AppDelegate.swift */ = {isa = PBXFileReference; lastKnownFileType = sourcecode.swift; path = AppDelegate.swift; sourceTree = "<group>"; };
		171EFEBA25203820003A2C00 /* SceneDelegate.swift */ = {isa = PBXFileReference; lastKnownFileType = sourcecode.swift; path = SceneDelegate.swift; sourceTree = "<group>"; };
		171EFEBC25203820003A2C00 /* ViewController.swift */ = {isa = PBXFileReference; lastKnownFileType = sourcecode.swift; path = ViewController.swift; sourceTree = "<group>"; };
		171EFEBF25203820003A2C00 /* Base */ = {isa = PBXFileReference; lastKnownFileType = file.storyboard; name = Base; path = Base.lproj/Main.storyboard; sourceTree = "<group>"; };
		171EFEC125203820003A2C00 /* Assets.xcassets */ = {isa = PBXFileReference; lastKnownFileType = folder.assetcatalog; path = Assets.xcassets; sourceTree = "<group>"; };
		171EFEC425203820003A2C00 /* Base */ = {isa = PBXFileReference; lastKnownFileType = file.storyboard; name = Base; path = Base.lproj/LaunchScreen.storyboard; sourceTree = "<group>"; };
		171EFEC625203820003A2C00 /* Info.plist */ = {isa = PBXFileReference; lastKnownFileType = text.plist.xml; path = Info.plist; sourceTree = "<group>"; };
		171EFECB25203821003A2C00 /* drinkAppTests.xctest */ = {isa = PBXFileReference; explicitFileType = wrapper.cfbundle; includeInIndex = 0; path = drinkAppTests.xctest; sourceTree = BUILT_PRODUCTS_DIR; };
		171EFECF25203821003A2C00 /* drinkAppTests.swift */ = {isa = PBXFileReference; lastKnownFileType = sourcecode.swift; path = drinkAppTests.swift; sourceTree = "<group>"; };
		171EFED125203821003A2C00 /* Info.plist */ = {isa = PBXFileReference; lastKnownFileType = text.plist.xml; path = Info.plist; sourceTree = "<group>"; };
		171EFED625203821003A2C00 /* drinkAppUITests.xctest */ = {isa = PBXFileReference; explicitFileType = wrapper.cfbundle; includeInIndex = 0; path = drinkAppUITests.xctest; sourceTree = BUILT_PRODUCTS_DIR; };
		171EFEDA25203821003A2C00 /* drinkAppUITests.swift */ = {isa = PBXFileReference; lastKnownFileType = sourcecode.swift; path = drinkAppUITests.swift; sourceTree = "<group>"; };
		171EFEDC25203821003A2C00 /* Info.plist */ = {isa = PBXFileReference; lastKnownFileType = text.plist.xml; path = Info.plist; sourceTree = "<group>"; };
/* End PBXFileReference section */

/* Begin PBXFrameworksBuildPhase section */
		171EFEB225203820003A2C00 /* Frameworks */ = {
			isa = PBXFrameworksBuildPhase;
			buildActionMask = 2147483647;
			files = (
			);
			runOnlyForDeploymentPostprocessing = 0;
		};
		171EFEC825203821003A2C00 /* Frameworks */ = {
			isa = PBXFrameworksBuildPhase;
			buildActionMask = 2147483647;
			files = (
			);
			runOnlyForDeploymentPostprocessing = 0;
		};
		171EFED325203821003A2C00 /* Frameworks */ = {
			isa = PBXFrameworksBuildPhase;
			buildActionMask = 2147483647;
			files = (
			);
			runOnlyForDeploymentPostprocessing = 0;
		};
/* End PBXFrameworksBuildPhase section */

/* Begin PBXGroup section */
		171EFEAC25203820003A2C00 = {
			isa = PBXGroup;
			children = (
				171EFEB725203820003A2C00 /* drinkApp */,
				171EFECE25203821003A2C00 /* drinkAppTests */,
				171EFED925203821003A2C00 /* drinkAppUITests */,
				171EFEB625203820003A2C00 /* Products */,
			);
			sourceTree = "<group>";
		};
		171EFEB625203820003A2C00 /* Products */ = {
			isa = PBXGroup;
			children = (
				171EFEB525203820003A2C00 /* drinkApp.app */,
				171EFECB25203821003A2C00 /* drinkAppTests.xctest */,
				171EFED625203821003A2C00 /* drinkAppUITests.xctest */,
			);
			name = Products;
			sourceTree = "<group>";
		};
		171EFEB725203820003A2C00 /* drinkApp */ = {
			isa = PBXGroup;
			children = (
				171EFEB825203820003A2C00 /* AppDelegate.swift */,
				171EFEBA25203820003A2C00 /* SceneDelegate.swift */,
				171EFEBC25203820003A2C00 /* ViewController.swift */,
				171EFEBE25203820003A2C00 /* Main.storyboard */,
				171EFEC125203820003A2C00 /* Assets.xcassets */,
				171EFEC325203820003A2C00 /* LaunchScreen.storyboard */,
				171EFEC625203820003A2C00 /* Info.plist */,
			);
			path = drinkApp;
			sourceTree = "<group>";
		};
		171EFECE25203821003A2C00 /* drinkAppTests */ = {
			isa = PBXGroup;
			children = (
				171EFECF25203821003A2C00 /* drinkAppTests.swift */,
				171EFED125203821003A2C00 /* Info.plist */,
			);
			path = drinkAppTests;
			sourceTree = "<group>";
		};
		171EFED925203821003A2C00 /* drinkAppUITests */ = {
			isa = PBXGroup;
			children = (
				171EFEDA25203821003A2C00 /* drinkAppUITests.swift */,
				171EFEDC25203821003A2C00 /* Info.plist */,
			);
			path = drinkAppUITests;
			sourceTree = "<group>";
		};
/* End PBXGroup section */

/* Begin PBXNativeTarget section */
		171EFEB425203820003A2C00 /* drinkApp */ = {
			isa = PBXNativeTarget;
			buildConfigurationList = 171EFEDF25203821003A2C00 /* Build configuration list for PBXNativeTarget "drinkApp" */;
			buildPhases = (
				171EFEB125203820003A2C00 /* Sources */,
				171EFEB225203820003A2C00 /* Frameworks */,
				171EFEB325203820003A2C00 /* Resources */,
			);
			buildRules = (
			);
			dependencies = (
			);
			name = drinkApp;
			productName = drinkApp;
			productReference = 171EFEB525203820003A2C00 /* drinkApp.app */;
			productType = "com.apple.product-type.application";
		};
		171EFECA25203821003A2C00 /* drinkAppTests */ = {
			isa = PBXNativeTarget;
			buildConfigurationList = 171EFEE225203821003A2C00 /* Build configuration list for PBXNativeTarget "drinkAppTests" */;
			buildPhases = (
				171EFEC725203821003A2C00 /* Sources */,
				171EFEC825203821003A2C00 /* Frameworks */,
				171EFEC925203821003A2C00 /* Resources */,
			);
			buildRules = (
			);
			dependencies = (
				171EFECD25203821003A2C00 /* PBXTargetDependency */,
			);
			name = drinkAppTests;
			productName = drinkAppTests;
			productReference = 171EFECB25203821003A2C00 /* drinkAppTests.xctest */;
			productType = "com.apple.product-type.bundle.unit-test";
		};
		171EFED525203821003A2C00 /* drinkAppUITests */ = {
			isa = PBXNativeTarget;
			buildConfigurationList = 171EFEE525203821003A2C00 /* Build configuration list for PBXNativeTarget "drinkAppUITests" */;
			buildPhases = (
				171EFED225203821003A2C00 /* Sources */,
				171EFED325203821003A2C00 /* Frameworks */,
				171EFED425203821003A2C00 /* Resources */,
			);
			buildRules = (
			);
			dependencies = (
				171EFED825203821003A2C00 /* PBXTargetDependency */,
			);
			name = drinkAppUITests;
			productName = drinkAppUITests;
			productReference = 171EFED625203821003A2C00 /* drinkAppUITests.xctest */;
			productType = "com.apple.product-type.bundle.ui-testing";
		};
/* End PBXNativeTarget section */

/* Begin PBXProject section */
		171EFEAD25203820003A2C00 /* Project object */ = {
			isa = PBXProject;
			attributes = {
				LastSwiftUpdateCheck = 1200;
				LastUpgradeCheck = 1200;
				TargetAttributes = {
					171EFEB425203820003A2C00 = {
						CreatedOnToolsVersion = 12.0.1;
					};
					171EFECA25203821003A2C00 = {
						CreatedOnToolsVersion = 12.0.1;
						TestTargetID = 171EFEB425203820003A2C00;
					};
					171EFED525203821003A2C00 = {
						CreatedOnToolsVersion = 12.0.1;
						TestTargetID = 171EFEB425203820003A2C00;
					};
				};
			};
			buildConfigurationList = 171EFEB025203820003A2C00 /* Build configuration list for PBXProject "drinkApp" */;
			compatibilityVersion = "Xcode 9.3";
			developmentRegion = en;
			hasScannedForEncodings = 0;
			knownRegions = (
				en,
				Base,
			);
			mainGroup = 171EFEAC25203820003A2C00;
			productRefGroup = 171EFEB625203820003A2C00 /* Products */;
			projectDirPath = "";
			projectRoot = "";
			targets = (
				171EFEB425203820003A2C00 /* drinkApp */,
				171EFECA25203821003A2C00 /* drinkAppTests */,
				171EFED525203821003A2C00 /* drinkAppUITests */,
			);
		};
/* End PBXProject section */

/* Begin PBXResourcesBuildPhase section */
		171EFEB325203820003A2C00 /* Resources */ = {
			isa = PBXResourcesBuildPhase;
			buildActionMask = 2147483647;
			files = (
				171EFEC525203820003A2C00 /* LaunchScreen.storyboard in Resources */,
				171EFEC225203820003A2C00 /* Assets.xcassets in Resources */,
				171EFEC025203820003A2C00 /* Main.storyboard in Resources */,
			);
			runOnlyForDeploymentPostprocessing = 0;
		};
		171EFEC925203821003A2C00 /* Resources */ = {
			isa = PBXResourcesBuildPhase;
			buildActionMask = 2147483647;
			files = (
			);
			runOnlyForDeploymentPostprocessing = 0;
		};
		171EFED425203821003A2C00 /* Resources */ = {
			isa = PBXResourcesBuildPhase;
			buildActionMask = 2147483647;
			files = (
			);
			runOnlyForDeploymentPostprocessing = 0;
		};
/* End PBXResourcesBuildPhase section */

/* Begin PBXSourcesBuildPhase section */
		171EFEB125203820003A2C00 /* Sources */ = {
			isa = PBXSourcesBuildPhase;
			buildActionMask = 2147483647;
			files = (
				171EFEBD25203820003A2C00 /* ViewController.swift in Sources */,
				171EFEB925203820003A2C00 /* AppDelegate.swift in Sources */,
				171EFEBB25203820003A2C00 /* SceneDelegate.swift in Sources */,
			);
			runOnlyForDeploymentPostprocessing = 0;
		};
		171EFEC725203821003A2C00 /* Sources */ = {
			isa = PBXSourcesBuildPhase;
			buildActionMask = 2147483647;
			files = (
				171EFED025203821003A2C00 /* drinkAppTests.swift in Sources */,
			);
			runOnlyForDeploymentPostprocessing = 0;
		};
		171EFED225203821003A2C00 /* Sources */ = {
			isa = PBXSourcesBuildPhase;
			buildActionMask = 2147483647;
			files = (
				171EFEDB25203821003A2C00 /* drinkAppUITests.swift in Sources */,
			);
			runOnlyForDeploymentPostprocessing = 0;
		};
/* End PBXSourcesBuildPhase section */

/* Begin PBXTargetDependency section */
		171EFECD25203821003A2C00 /* PBXTargetDependency */ = {
			isa = PBXTargetDependency;
			target = 171EFEB425203820003A2C00 /* drinkApp */;
			targetProxy = 171EFECC25203821003A2C00 /* PBXContainerItemProxy */;
		};
		171EFED825203821003A2C00 /* PBXTargetDependency */ = {
			isa = PBXTargetDependency;
			target = 171EFEB425203820003A2C00 /* drinkApp */;
			targetProxy = 171EFED725203821003A2C00 /* PBXContainerItemProxy */;
		};
/* End PBXTargetDependency section */

/* Begin PBXVariantGroup section */
		171EFEBE25203820003A2C00 /* Main.storyboard */ = {
			isa = PBXVariantGroup;
			children = (
				171EFEBF25203820003A2C00 /* Base */,
			);
			name = Main.storyboard;
			sourceTree = "<group>";
		};
		171EFEC325203820003A2C00 /* LaunchScreen.storyboard */ = {
			isa = PBXVariantGroup;
			children = (
				171EFEC425203820003A2C00 /* Base */,
			);
			name = LaunchScreen.storyboard;
			sourceTree = "<group>";
		};
/* End PBXVariantGroup section */

/* Begin XCBuildConfiguration section */
		171EFEDD25203821003A2C00 /* Debug */ = {
			isa = XCBuildConfiguration;
			buildSettings = {
				ALWAYS_SEARCH_USER_PATHS = NO;
				CLANG_ANALYZER_NONNULL = YES;
				CLANG_ANALYZER_NUMBER_OBJECT_CONVERSION = YES_AGGRESSIVE;
				CLANG_CXX_LANGUAGE_STANDARD = "gnu++14";
				CLANG_CXX_LIBRARY = "libc++";
				CLANG_ENABLE_MODULES = YES;
				CLANG_ENABLE_OBJC_ARC = YES;
				CLANG_ENABLE_OBJC_WEAK = YES;
				CLANG_WARN_BLOCK_CAPTURE_AUTORELEASING = YES;
				CLANG_WARN_BOOL_CONVERSION = YES;
				CLANG_WARN_COMMA = YES;
				CLANG_WARN_CONSTANT_CONVERSION = YES;
				CLANG_WARN_DEPRECATED_OBJC_IMPLEMENTATIONS = YES;
				CLANG_WARN_DIRECT_OBJC_ISA_USAGE = YES_ERROR;
				CLANG_WARN_DOCUMENTATION_COMMENTS = YES;
				CLANG_WARN_EMPTY_BODY = YES;
				CLANG_WARN_ENUM_CONVERSION = YES;
				CLANG_WARN_INFINITE_RECURSION = YES;
				CLANG_WARN_INT_CONVERSION = YES;
				CLANG_WARN_NON_LITERAL_NULL_CONVERSION = YES;
				CLANG_WARN_OBJC_IMPLICIT_RETAIN_SELF = YES;
				CLANG_WARN_OBJC_LITERAL_CONVERSION = YES;
				CLANG_WARN_OBJC_ROOT_CLASS = YES_ERROR;
				CLANG_WARN_QUOTED_INCLUDE_IN_FRAMEWORK_HEADER = YES;
				CLANG_WARN_RANGE_LOOP_ANALYSIS = YES;
				CLANG_WARN_STRICT_PROTOTYPES = YES;
				CLANG_WARN_SUSPICIOUS_MOVE = YES;
				CLANG_WARN_UNGUARDED_AVAILABILITY = YES_AGGRESSIVE;
				CLANG_WARN_UNREACHABLE_CODE = YES;
				CLANG_WARN__DUPLICATE_METHOD_MATCH = YES;
				COPY_PHASE_STRIP = NO;
				DEBUG_INFORMATION_FORMAT = dwarf;
				ENABLE_STRICT_OBJC_MSGSEND = YES;
				ENABLE_TESTABILITY = YES;
				GCC_C_LANGUAGE_STANDARD = gnu11;
				GCC_DYNAMIC_NO_PIC = NO;
				GCC_NO_COMMON_BLOCKS = YES;
				GCC_OPTIMIZATION_LEVEL = 0;
				GCC_PREPROCESSOR_DEFINITIONS = (
					"DEBUG=1",
					"$(inherited)",
				);
				GCC_WARN_64_TO_32_BIT_CONVERSION = YES;
				GCC_WARN_ABOUT_RETURN_TYPE = YES_ERROR;
				GCC_WARN_UNDECLARED_SELECTOR = YES;
				GCC_WARN_UNINITIALIZED_AUTOS = YES_AGGRESSIVE;
				GCC_WARN_UNUSED_FUNCTION = YES;
				GCC_WARN_UNUSED_VARIABLE = YES;
				IPHONEOS_DEPLOYMENT_TARGET = 14.0;
				MTL_ENABLE_DEBUG_INFO = INCLUDE_SOURCE;
				MTL_FAST_MATH = YES;
				ONLY_ACTIVE_ARCH = YES;
				SDKROOT = iphoneos;
				SWIFT_ACTIVE_COMPILATION_CONDITIONS = DEBUG;
				SWIFT_OPTIMIZATION_LEVEL = "-Onone";
			};
			name = Debug;
		};
		171EFEDE25203821003A2C00 /* Release */ = {
			isa = XCBuildConfiguration;
			buildSettings = {
				ALWAYS_SEARCH_USER_PATHS = NO;
				CLANG_ANALYZER_NONNULL = YES;
				CLANG_ANALYZER_NUMBER_OBJECT_CONVERSION = YES_AGGRESSIVE;
				CLANG_CXX_LANGUAGE_STANDARD = "gnu++14";
				CLANG_CXX_LIBRARY = "libc++";
				CLANG_ENABLE_MODULES = YES;
				CLANG_ENABLE_OBJC_ARC = YES;
				CLANG_ENABLE_OBJC_WEAK = YES;
				CLANG_WARN_BLOCK_CAPTURE_AUTORELEASING = YES;
				CLANG_WARN_BOOL_CONVERSION = YES;
				CLANG_WARN_COMMA = YES;
				CLANG_WARN_CONSTANT_CONVERSION = YES;
				CLANG_WARN_DEPRECATED_OBJC_IMPLEMENTATIONS = YES;
				CLANG_WARN_DIRECT_OBJC_ISA_USAGE = YES_ERROR;
				CLANG_WARN_DOCUMENTATION_COMMENTS = YES;
				CLANG_WARN_EMPTY_BODY = YES;
				CLANG_WARN_ENUM_CONVERSION = YES;
				CLANG_WARN_INFINITE_RECURSION = YES;
				CLANG_WARN_INT_CONVERSION = YES;
				CLANG_WARN_NON_LITERAL_NULL_CONVERSION = YES;
				CLANG_WARN_OBJC_IMPLICIT_RETAIN_SELF = YES;
				CLANG_WARN_OBJC_LITERAL_CONVERSION = YES;
				CLANG_WARN_OBJC_ROOT_CLASS = YES_ERROR;
				CLANG_WARN_QUOTED_INCLUDE_IN_FRAMEWORK_HEADER = YES;
				CLANG_WARN_RANGE_LOOP_ANALYSIS = YES;
				CLANG_WARN_STRICT_PROTOTYPES = YES;
				CLANG_WARN_SUSPICIOUS_MOVE = YES;
				CLANG_WARN_UNGUARDED_AVAILABILITY = YES_AGGRESSIVE;
				CLANG_WARN_UNREACHABLE_CODE = YES;
				CLANG_WARN__DUPLICATE_METHOD_MATCH = YES;
				COPY_PHASE_STRIP = NO;
				DEBUG_INFORMATION_FORMAT = "dwarf-with-dsym";
				ENABLE_NS_ASSERTIONS = NO;
				ENABLE_STRICT_OBJC_MSGSEND = YES;
				GCC_C_LANGUAGE_STANDARD = gnu11;
				GCC_NO_COMMON_BLOCKS = YES;
				GCC_WARN_64_TO_32_BIT_CONVERSION = YES;
				GCC_WARN_ABOUT_RETURN_TYPE = YES_ERROR;
				GCC_WARN_UNDECLARED_SELECTOR = YES;
				GCC_WARN_UNINITIALIZED_AUTOS = YES_AGGRESSIVE;
				GCC_WARN_UNUSED_FUNCTION = YES;
				GCC_WARN_UNUSED_VARIABLE = YES;
				IPHONEOS_DEPLOYMENT_TARGET = 14.0;
				MTL_ENABLE_DEBUG_INFO = NO;
				MTL_FAST_MATH = YES;
				SDKROOT = iphoneos;
				SWIFT_COMPILATION_MODE = wholemodule;
				SWIFT_OPTIMIZATION_LEVEL = "-O";
				VALIDATE_PRODUCT = YES;
			};
			name = Release;
		};
		171EFEE025203821003A2C00 /* Debug */ = {
			isa = XCBuildConfiguration;
			buildSettings = {
				ASSETCATALOG_COMPILER_APPICON_NAME = AppIcon;
				ASSETCATALOG_COMPILER_GLOBAL_ACCENT_COLOR_NAME = AccentColor;
				CODE_SIGN_STYLE = Automatic;
				DEVELOPMENT_TEAM = B58WWRW5W2;
				INFOPLIST_FILE = drinkApp/Info.plist;
				LD_RUNPATH_SEARCH_PATHS = (
					"$(inherited)",
					"@executable_path/Frameworks",
				);
				PRODUCT_BUNDLE_IDENTIFIER = smirkiiivAndy.drinkApp;
				PRODUCT_NAME = "$(TARGET_NAME)";
				SWIFT_VERSION = 5.0;
				TARGETED_DEVICE_FAMILY = "1,2";
			};
			name = Debug;
		};
		171EFEE125203821003A2C00 /* Release */ = {
			isa = XCBuildConfiguration;
			buildSettings = {
				ASSETCATALOG_COMPILER_APPICON_NAME = AppIcon;
				ASSETCATALOG_COMPILER_GLOBAL_ACCENT_COLOR_NAME = AccentColor;
				CODE_SIGN_STYLE = Automatic;
				DEVELOPMENT_TEAM = B58WWRW5W2;
				INFOPLIST_FILE = drinkApp/Info.plist;
				LD_RUNPATH_SEARCH_PATHS = (
					"$(inherited)",
					"@executable_path/Frameworks",
				);
				PRODUCT_BUNDLE_IDENTIFIER = smirkiiivAndy.drinkApp;
				PRODUCT_NAME = "$(TARGET_NAME)";
				SWIFT_VERSION = 5.0;
				TARGETED_DEVICE_FAMILY = "1,2";
			};
			name = Release;
		};
		171EFEE325203821003A2C00 /* Debug */ = {
			isa = XCBuildConfiguration;
			buildSettings = {
				ALWAYS_EMBED_SWIFT_STANDARD_LIBRARIES = YES;
				BUNDLE_LOADER = "$(TEST_HOST)";
				CODE_SIGN_STYLE = Automatic;
				DEVELOPMENT_TEAM = B58WWRW5W2;
				INFOPLIST_FILE = drinkAppTests/Info.plist;
				IPHONEOS_DEPLOYMENT_TARGET = 14.0;
				LD_RUNPATH_SEARCH_PATHS = (
					"$(inherited)",
					"@executable_path/Frameworks",
					"@loader_path/Frameworks",
				);
				PRODUCT_BUNDLE_IDENTIFIER = smirkiiivAndy.drinkAppTests;
				PRODUCT_NAME = "$(TARGET_NAME)";
				SWIFT_VERSION = 5.0;
				TARGETED_DEVICE_FAMILY = "1,2";
				TEST_HOST = "$(BUILT_PRODUCTS_DIR)/drinkApp.app/drinkApp";
			};
			name = Debug;
		};
		171EFEE425203821003A2C00 /* Release */ = {
			isa = XCBuildConfiguration;
			buildSettings = {
				ALWAYS_EMBED_SWIFT_STANDARD_LIBRARIES = YES;
				BUNDLE_LOADER = "$(TEST_HOST)";
				CODE_SIGN_STYLE = Automatic;
				DEVELOPMENT_TEAM = B58WWRW5W2;
				INFOPLIST_FILE = drinkAppTests/Info.plist;
				IPHONEOS_DEPLOYMENT_TARGET = 14.0;
				LD_RUNPATH_SEARCH_PATHS = (
					"$(inherited)",
					"@executable_path/Frameworks",
					"@loader_path/Frameworks",
				);
				PRODUCT_BUNDLE_IDENTIFIER = smirkiiivAndy.drinkAppTests;
				PRODUCT_NAME = "$(TARGET_NAME)";
				SWIFT_VERSION = 5.0;
				TARGETED_DEVICE_FAMILY = "1,2";
				TEST_HOST = "$(BUILT_PRODUCTS_DIR)/drinkApp.app/drinkApp";
			};
			name = Release;
		};
		171EFEE625203821003A2C00 /* Debug */ = {
			isa = XCBuildConfiguration;
			buildSettings = {
				ALWAYS_EMBED_SWIFT_STANDARD_LIBRARIES = YES;
				CODE_SIGN_STYLE = Automatic;
				DEVELOPMENT_TEAM = B58WWRW5W2;
				INFOPLIST_FILE = drinkAppUITests/Info.plist;
				LD_RUNPATH_SEARCH_PATHS = (
					"$(inherited)",
					"@executable_path/Frameworks",
					"@loader_path/Frameworks",
				);
				PRODUCT_BUNDLE_IDENTIFIER = smirkiiivAndy.drinkAppUITests;
				PRODUCT_NAME = "$(TARGET_NAME)";
				SWIFT_VERSION = 5.0;
				TARGETED_DEVICE_FAMILY = "1,2";
				TEST_TARGET_NAME = drinkApp;
			};
			name = Debug;
		};
		171EFEE725203821003A2C00 /* Release */ = {
			isa = XCBuildConfiguration;
			buildSettings = {
				ALWAYS_EMBED_SWIFT_STANDARD_LIBRARIES = YES;
				CODE_SIGN_STYLE = Automatic;
				DEVELOPMENT_TEAM = B58WWRW5W2;
				INFOPLIST_FILE = drinkAppUITests/Info.plist;
				LD_RUNPATH_SEARCH_PATHS = (
					"$(inherited)",
					"@executable_path/Frameworks",
					"@loader_path/Frameworks",
				);
				PRODUCT_BUNDLE_IDENTIFIER = smirkiiivAndy.drinkAppUITests;
				PRODUCT_NAME = "$(TARGET_NAME)";
				SWIFT_VERSION = 5.0;
				TARGETED_DEVICE_FAMILY = "1,2";
				TEST_TARGET_NAME = drinkApp;
			};
			name = Release;
		};
/* End XCBuildConfiguration section */

/* Begin XCConfigurationList section */
		171EFEB025203820003A2C00 /* Build configuration list for PBXProject "drinkApp" */ = {
			isa = XCConfigurationList;
			buildConfigurations = (
				171EFEDD25203821003A2C00 /* Debug */,
				171EFEDE25203821003A2C00 /* Release */,
			);
			defaultConfigurationIsVisible = 0;
			defaultConfigurationName = Release;
		};
		171EFEDF25203821003A2C00 /* Build configuration list for PBXNativeTarget "drinkApp" */ = {
			isa = XCConfigurationList;
			buildConfigurations = (
				171EFEE025203821003A2C00 /* Debug */,
				171EFEE125203821003A2C00 /* Release */,
			);
			defaultConfigurationIsVisible = 0;
			defaultConfigurationName = Release;
		};
		171EFEE225203821003A2C00 /* Build configuration list for PBXNativeTarget "drinkAppTests" */ = {
			isa = XCConfigurationList;
			buildConfigurations = (
				171EFEE325203821003A2C00 /* Debug */,
				171EFEE425203821003A2C00 /* Release */,
			);
			defaultConfigurationIsVisible = 0;
			defaultConfigurationName = Release;
		};
		171EFEE525203821003A2C00 /* Build configuration list for PBXNativeTarget "drinkAppUITests" */ = {
			isa = XCConfigurationList;
			buildConfigurations = (
				171EFEE625203821003A2C00 /* Debug */,
				171EFEE725203821003A2C00 /* Release */,
			);
			defaultConfigurationIsVisible = 0;
			defaultConfigurationName = Release;
		};
/* End XCConfigurationList section */
	};
	rootObject = 171EFEAD25203820003A2C00 /* Project object */;
}
